// !$*UTF8*$!
{
	archiveVersion = 1;
	classes = {
	};
	objectVersion = 46;
	objects = {

/* Begin PBXBuildFile section */
		B81E4E891E8F847900A9EA77 /* main.m in Sources */ = {isa = PBXBuildFile; fileRef = B81E4E881E8F847900A9EA77 /* main.m */; };
		B81E4E8C1E8F847900A9EA77 /* AppDelegate.m in Sources */ = {isa = PBXBuildFile; fileRef = B81E4E8B1E8F847900A9EA77 /* AppDelegate.m */; };
		B81E4E8F1E8F847900A9EA77 /* ViewController.m in Sources */ = {isa = PBXBuildFile; fileRef = B81E4E8E1E8F847900A9EA77 /* ViewController.m */; };
		B81E4E921E8F847900A9EA77 /* Main.storyboard in Resources */ = {isa = PBXBuildFile; fileRef = B81E4E901E8F847900A9EA77 /* Main.storyboard */; };
		B81E4E941E8F847900A9EA77 /* Assets.xcassets in Resources */ = {isa = PBXBuildFile; fileRef = B81E4E931E8F847900A9EA77 /* Assets.xcassets */; };
		B81E4E971E8F847900A9EA77 /* LaunchScreen.storyboard in Resources */ = {isa = PBXBuildFile; fileRef = B81E4E951E8F847900A9EA77 /* LaunchScreen.storyboard */; };
/* End PBXBuildFile section */

/* Begin PBXFileReference section */
		B81E4E841E8F847900A9EA77 /* ShoppingCart.app */ = {isa = PBXFileReference; explicitFileType = wrapper.application; includeInIndex = 0; path = ShoppingCart.app; sourceTree = BUILT_PRODUCTS_DIR; };
		B81E4E881E8F847900A9EA77 /* main.m */ = {isa = PBXFileReference; lastKnownFileType = sourcecode.c.objc; path = main.m; sourceTree = "<group>"; };
		B81E4E8A1E8F847900A9EA77 /* AppDelegate.h */ = {isa = PBXFileReference; lastKnownFileType = sourcecode.c.h; path = AppDelegate.h; sourceTree = "<group>"; };
		B81E4E8B1E8F847900A9EA77 /* AppDelegate.m */ = {isa = PBXFileReference; lastKnownFileType = sourcecode.c.objc; path = AppDelegate.m; sourceTree = "<group>"; };
		B81E4E8D1E8F847900A9EA77 /* ViewController.h */ = {isa = PBXFileReference; lastKnownFileType = sourcecode.c.h; path = ViewController.h; sourceTree = "<group>"; };
		B81E4E8E1E8F847900A9EA77 /* ViewController.m */ = {isa = PBXFileReference; lastKnownFileType = sourcecode.c.objc; path = ViewController.m; sourceTree = "<group>"; };
		B81E4E911E8F847900A9EA77 /* Base */ = {isa = PBXFileReference; lastKnownFileType = file.storyboard; name = Base; path = Base.lproj/Main.storyboard; sourceTree = "<group>"; };
		B81E4E931E8F847900A9EA77 /* Assets.xcassets */ = {isa = PBXFileReference; lastKnownFileType = folder.assetcatalog; path = Assets.xcassets; sourceTree = "<group>"; };
		B81E4E961E8F847900A9EA77 /* Base */ = {isa = PBXFileReference; lastKnownFileType = file.storyboard; name = Base; path = Base.lproj/LaunchScreen.storyboard; sourceTree = "<group>"; };
		B81E4E981E8F847900A9EA77 /* Info.plist */ = {isa = PBXFileReference; lastKnownFileType = text.plist.xml; path = Info.plist; sourceTree = "<group>"; };
/* End PBXFileReference section */

/* Begin PBXFrameworksBuildPhase section */
		B81E4E811E8F847900A9EA77 /* Frameworks */ = {
			isa = PBXFrameworksBuildPhase;
			buildActionMask = 2147483647;
			files = (
			);
			runOnlyForDeploymentPostprocessing = 0;
		};
/* End PBXFrameworksBuildPhase section */

/* Begin PBXGroup section */
		B81E4E7B1E8F847900A9EA77 = {
			isa = PBXGroup;
			children = (
				B81E4E861E8F847900A9EA77 /* ShoppingCart */,
				B81E4E851E8F847900A9EA77 /* Products */,
			);
			sourceTree = "<group>";
		};
		B81E4E851E8F847900A9EA77 /* Products */ = {
			isa = PBXGroup;
			children = (
				B81E4E841E8F847900A9EA77 /* ShoppingCart.app */,
			);
			name = Products;
			sourceTree = "<group>";
		};
		B81E4E861E8F847900A9EA77 /* ShoppingCart */ = {
			isa = PBXGroup;
			children = (
				B81E4E8A1E8F847900A9EA77 /* AppDelegate.h */,
				B81E4E8B1E8F847900A9EA77 /* AppDelegate.m */,
				B81E4E8D1E8F847900A9EA77 /* ViewController.h */,
				B81E4E8E1E8F847900A9EA77 /* ViewController.m */,
				B81E4E901E8F847900A9EA77 /* Main.storyboard */,
				B81E4E931E8F847900A9EA77 /* Assets.xcassets */,
				B81E4E951E8F847900A9EA77 /* LaunchScreen.storyboard */,
				B81E4E981E8F847900A9EA77 /* Info.plist */,
				B81E4E871E8F847900A9EA77 /* Supporting Files */,
			);
			path = ShoppingCart;
			sourceTree = "<group>";
		};
		B81E4E871E8F847900A9EA77 /* Supporting Files */ = {
			isa = PBXGroup;
			children = (
				B81E4E881E8F847900A9EA77 /* main.m */,
			);
			name = "Supporting Files";
			sourceTree = "<group>";
		};
/* End PBXGroup section */

/* Begin PBXNativeTarget section */
		B81E4E831E8F847900A9EA77 /* ShoppingCart */ = {
			isa = PBXNativeTarget;
			buildConfigurationList = B81E4E9B1E8F847900A9EA77 /* Build configuration list for PBXNativeTarget "ShoppingCart" */;
			buildPhases = (
				B81E4E801E8F847900A9EA77 /* Sources */,
				B81E4E811E8F847900A9EA77 /* Frameworks */,
				B81E4E821E8F847900A9EA77 /* Resources */,
			);
			buildRules = (
			);
			dependencies = (
			);
			name = ShoppingCart;
			productName = ShoppingCart;
			productReference = B81E4E841E8F847900A9EA77 /* ShoppingCart.app */;
			productType = "com.apple.product-type.application";
		};
/* End PBXNativeTarget section */

/* Begin PBXProject section */
		B81E4E7C1E8F847900A9EA77 /* Project object */ = {
			isa = PBXProject;
			attributes = {
				LastUpgradeCheck = 0730;
				ORGANIZATIONNAME = YYN;
				TargetAttributes = {
					B81E4E831E8F847900A9EA77 = {
						CreatedOnToolsVersion = 7.3.1;
					};
				};
			};
			buildConfigurationList = B81E4E7F1E8F847900A9EA77 /* Build configuration list for PBXProject "ShoppingCart" */;
			compatibilityVersion = "Xcode 3.2";
			developmentRegion = English;
			hasScannedForEncodings = 0;
			knownRegions = (
				en,
				Base,
			);
			mainGroup = B81E4E7B1E8F847900A9EA77;
			productRefGroup = B81E4E851E8F847900A9EA77 /* Products */;
			projectDirPath = "";
			projectRoot = "";
			targets = (
				B81E4E831E8F847900A9EA77 /* ShoppingCart */,
			);
		};
/* End PBXProject section */

/* Begin PBXResourcesBuildPhase section */
		B81E4E821E8F847900A9EA77 /* Resources */ = {
			isa = PBXResourcesBuildPhase;
			buildActionMask = 2147483647;
			files = (
				B81E4E971E8F847900A9EA77 /* LaunchScreen.storyboard in Resources */,
				B81E4E941E8F847900A9EA77 /* Assets.xcassets in Resources */,
				B81E4E921E8F847900A9EA77 /* Main.storyboard in Resources */,
			);
			runOnlyForDeploymentPostprocessing = 0;
		};
/* End PBXResourcesBuildPhase section */

/* Begin PBXSourcesBuildPhase section */
		B81E4E801E8F847900A9EA77 /* Sources */ = {
			isa = PBXSourcesBuildPhase;
			buildActionMask = 2147483647;
			files = (
				B81E4E8F1E8F847900A9EA77 /* ViewController.m in Sources */,
				B81E4E8C1E8F847900A9EA77 /* AppDelegate.m in Sources */,
				B81E4E891E8F847900A9EA77 /* main.m in Sources */,
			);
			runOnlyForDeploymentPostprocessing = 0;
		};
/* End PBXSourcesBuildPhase section */

/* Begin PBXVariantGroup section */
		B81E4E901E8F847900A9EA77 /* Main.storyboard */ = {
			isa = PBXVariantGroup;
			children = (
				B81E4E911E8F847900A9EA77 /* Base */,
			);
			name = Main.storyboard;
			sourceTree = "<group>";
		};
		B81E4E951E8F847900A9EA77 /* LaunchScreen.storyboard */ = {
			isa = PBXVariantGroup;
			children = (
				B81E4E961E8F847900A9EA77 /* Base */,
			);
			name = LaunchScreen.storyboard;
			sourceTree = "<group>";
		};
/* End PBXVariantGroup section */

/* Begin XCBuildConfiguration section */
		B81E4E991E8F847900A9EA77 /* Debug */ = {
			isa = XCBuildConfiguration;
			buildSettings = {
				ALWAYS_SEARCH_USER_PATHS = NO;
				CLANG_ANALYZER_NONNULL = YES;
				CLANG_CXX_LANGUAGE_STANDARD = "gnu++0x";
				CLANG_CXX_LIBRARY = "libc++";
				CLANG_ENABLE_MODULES = YES;
				CLANG_ENABLE_OBJC_ARC = YES;
				CLANG_WARN_BOOL_CONVERSION = YES;
				CLANG_WARN_CONSTANT_CONVERSION = YES;
				CLANG_WARN_DIRECT_OBJC_ISA_USAGE = YES_ERROR;
				CLANG_WARN_EMPTY_BODY = YES;
				CLANG_WARN_ENUM_CONVERSION = YES;
				CLANG_WARN_INT_CONVERSION = YES;
				CLANG_WARN_OBJC_ROOT_CLASS = YES_ERROR;
				CLANG_WARN_UNREACHABLE_CODE = YES;
				CLANG_WARN__DUPLICATE_METHOD_MATCH = YES;
				"CODE_SIGN_IDENTITY[sdk=iphoneos*]" = "iPhone Developer";
				COPY_PHASE_STRIP = NO;
				DEBUG_INFORMATION_FORMAT = dwarf;
				ENABLE_STRICT_OBJC_MSGSEND = YES;
				ENABLE_TESTABILITY = YES;
				GCC_C_LANGUAGE_STANDARD = gnu99;
				GCC_DYNAMIC_NO_PIC = NO;
				GCC_NO_COMMON_BLOCKS = YES;
				GCC_OPTIMIZATION_LEVEL = 0;
				GCC_PREPROCESSOR_DEFINITIONS = (
					"DEBUG=1",
					"$(inherited)",
				);
				GCC_WARN_64_TO_32_BIT_CONVERSION = YES;
				GCC_WARN_ABOUT_RETURN_TYPE = YES_ERROR;
				GCC_WARN_UNDECLARED_SELECTOR = YES;
				GCC_WARN_UNINITIALIZED_AUTOS = YES_AGGRESSIVE;
				GCC_WARN_UNUSED_FUNCTION = YES;
				GCC_WARN_UNUSED_VARIABLE = YES;
				IPHONEOS_DEPLOYMENT_TARGET = 9.3;
				MTL_ENABLE_DEBUG_INFO = YES;
				ONLY_ACTIVE_ARCH = YES;
				SDKROOT = iphoneos;
			};
			name = Debug;
		};
		B81E4E9A1E8F847900A9EA77 /* Release */ = {
			isa = XCBuildConfiguration;
			buildSettings = {
				ALWAYS_SEARCH_USER_PATHS = NO;
				CLANG_ANALYZER_NONNULL = YES;
				CLANG_CXX_LANGUAGE_STANDARD = "gnu++0x";
				CLANG_CXX_LIBRARY = "libc++";
				CLANG_ENABLE_MODULES = YES;
				CLANG_ENABLE_OBJC_ARC = YES;
				CLANG_WARN_BOOL_CONVERSION = YES;
				CLANG_WARN_CONSTANT_CONVERSION = YES;
				CLANG_WARN_DIRECT_OBJC_ISA_USAGE = YES_ERROR;
				CLANG_WARN_EMPTY_BODY = YES;
				CLANG_WARN_ENUM_CONVERSION = YES;
				CLANG_WARN_INT_CONVERSION = YES;
				CLANG_WARN_OBJC_ROOT_CLASS = YES_ERROR;
				CLANG_WARN_UNREACHABLE_CODE = YES;
				CLANG_WARN__DUPLICATE_METHOD_MATCH = YES;
				"CODE_SIGN_IDENTITY[sdk=iphoneos*]" = "iPhone Developer";
				COPY_PHASE_STRIP = NO;
				DEBUG_INFORMATION_FORMAT = "dwarf-with-dsym";
				ENABLE_NS_ASSERTIONS = NO;
				ENABLE_STRICT_OBJC_MSGSEND = YES;
				GCC_C_LANGUAGE_STANDARD = gnu99;
				GCC_NO_COMMON_BLOCKS = YES;
				GCC_WARN_64_TO_32_BIT_CONVERSION = YES;
				GCC_WARN_ABOUT_RETURN_TYPE = YES_ERROR;
				GCC_WARN_UNDECLARED_SELECTOR = YES;
				GCC_WARN_UNINITIALIZED_AUTOS = YES_AGGRESSIVE;
				GCC_WARN_UNUSED_FUNCTION = YES;
				GCC_WARN_UNUSED_VARIABLE = YES;
				IPHONEOS_DEPLOYMENT_TARGET = 9.3;
				MTL_ENABLE_DEBUG_INFO = NO;
				SDKROOT = iphoneos;
				VALIDATE_PRODUCT = YES;
			};
			name = Release;
		};
		B81E4E9C1E8F847900A9EA77 /* Debug */ = {
			isa = XCBuildConfiguration;
			buildSettings = {
				ASSETCATALOG_COMPILER_APPICON_NAME = AppIcon;
				INFOPLIST_FILE = ShoppingCart/Info.plist;
				LD_RUNPATH_SEARCH_PATHS = "$(inherited) @executable_path/Frameworks";
				PRODUCT_BUNDLE_IDENTIFIER = com.yyn.ShoppingCart;
				PRODUCT_NAME = "$(TARGET_NAME)";
			};
			name = Debug;
		};
		B81E4E9D1E8F847900A9EA77 /* Release */ = {
			isa = XCBuildConfiguration;
			buildSettings = {
				ASSETCATALOG_COMPILER_APPICON_NAME = AppIcon;
				INFOPLIST_FILE = ShoppingCart/Info.plist;
				LD_RUNPATH_SEARCH_PATHS = "$(inherited) @executable_path/Frameworks";
				PRODUCT_BUNDLE_IDENTIFIER = com.yyn.ShoppingCart;
				PRODUCT_NAME = "$(TARGET_NAME)";
			};
			name = Release;
		};
/* End XCBuildConfiguration section */

/* Begin XCConfigurationList section */
		B81E4E7F1E8F847900A9EA77 /* Build configuration list for PBXProject "ShoppingCart" */ = {
			isa = XCConfigurationList;
			buildConfigurations = (
				B81E4E991E8F847900A9EA77 /* Debug */,
				B81E4E9A1E8F847900A9EA77 /* Release */,
			);
			defaultConfigurationIsVisible = 0;
			defaultConfigurationName = Release;
		};
		B81E4E9B1E8F847900A9EA77 /* Build configuration list for PBXNativeTarget "ShoppingCart" */ = {
			isa = XCConfigurationList;
			buildConfigurations = (
				B81E4E9C1E8F847900A9EA77 /* Debug */,
				B81E4E9D1E8F847900A9EA77 /* Release */,
			);
			defaultConfigurationIsVisible = 0;
		};
/* End XCConfigurationList section */
	};
	rootObject = B81E4E7C1E8F847900A9EA77 /* Project object */;
}
